// !$*UTF8*$!
{
	archiveVersion = 1;
	classes = {
	};
	objectVersion = 50;
	objects = {

/* Begin PBXBuildFile section */
		356B1EBF24CE61AA00E19BF9 /* AppDelegate.swift in Sources */ = {isa = PBXBuildFile; fileRef = 356B1EBE24CE61AA00E19BF9 /* AppDelegate.swift */; };
		356B1EC124CE61AA00E19BF9 /* SceneDelegate.swift in Sources */ = {isa = PBXBuildFile; fileRef = 356B1EC024CE61AA00E19BF9 /* SceneDelegate.swift */; };
		356B1EC324CE61AA00E19BF9 /* ViewController.swift in Sources */ = {isa = PBXBuildFile; fileRef = 356B1EC224CE61AA00E19BF9 /* ViewController.swift */; };
		356B1EC624CE61AA00E19BF9 /* Main.storyboard in Resources */ = {isa = PBXBuildFile; fileRef = 356B1EC424CE61AA00E19BF9 /* Main.storyboard */; };
		356B1EC824CE61AA00E19BF9 /* Assets.xcassets in Resources */ = {isa = PBXBuildFile; fileRef = 356B1EC724CE61AA00E19BF9 /* Assets.xcassets */; };
		356B1ECB24CE61AA00E19BF9 /* LaunchScreen.storyboard in Resources */ = {isa = PBXBuildFile; fileRef = 356B1EC924CE61AA00E19BF9 /* LaunchScreen.storyboard */; };
/* End PBXBuildFile section */

/* Begin PBXFileReference section */
		356B1EBB24CE61AA00E19BF9 /* handwriting-drawing.app */ = {isa = PBXFileReference; explicitFileType = wrapper.application; includeInIndex = 0; path = "handwriting-drawing.app"; sourceTree = BUILT_PRODUCTS_DIR; };
		356B1EBE24CE61AA00E19BF9 /* AppDelegate.swift */ = {isa = PBXFileReference; lastKnownFileType = sourcecode.swift; path = AppDelegate.swift; sourceTree = "<group>"; };
		356B1EC024CE61AA00E19BF9 /* SceneDelegate.swift */ = {isa = PBXFileReference; lastKnownFileType = sourcecode.swift; path = SceneDelegate.swift; sourceTree = "<group>"; };
		356B1EC224CE61AA00E19BF9 /* ViewController.swift */ = {isa = PBXFileReference; lastKnownFileType = sourcecode.swift; path = ViewController.swift; sourceTree = "<group>"; };
		356B1EC524CE61AA00E19BF9 /* Base */ = {isa = PBXFileReference; lastKnownFileType = file.storyboard; name = Base; path = Base.lproj/Main.storyboard; sourceTree = "<group>"; };
		356B1EC724CE61AA00E19BF9 /* Assets.xcassets */ = {isa = PBXFileReference; lastKnownFileType = folder.assetcatalog; path = Assets.xcassets; sourceTree = "<group>"; };
		356B1ECA24CE61AA00E19BF9 /* Base */ = {isa = PBXFileReference; lastKnownFileType = file.storyboard; name = Base; path = Base.lproj/LaunchScreen.storyboard; sourceTree = "<group>"; };
		356B1ECC24CE61AA00E19BF9 /* Info.plist */ = {isa = PBXFileReference; lastKnownFileType = text.plist.xml; path = Info.plist; sourceTree = "<group>"; };
/* End PBXFileReference section */

/* Begin PBXFrameworksBuildPhase section */
		356B1EB824CE61AA00E19BF9 /* Frameworks */ = {
			isa = PBXFrameworksBuildPhase;
			buildActionMask = 2147483647;
			files = (
			);
			runOnlyForDeploymentPostprocessing = 0;
		};
/* End PBXFrameworksBuildPhase section */

/* Begin PBXGroup section */
		356B1EB224CE61AA00E19BF9 = {
			isa = PBXGroup;
			children = (
				356B1EBD24CE61AA00E19BF9 /* handwriting-drawing */,
				356B1EBC24CE61AA00E19BF9 /* Products */,
			);
			sourceTree = "<group>";
		};
		356B1EBC24CE61AA00E19BF9 /* Products */ = {
			isa = PBXGroup;
			children = (
				356B1EBB24CE61AA00E19BF9 /* handwriting-drawing.app */,
			);
			name = Products;
			sourceTree = "<group>";
		};
		356B1EBD24CE61AA00E19BF9 /* handwriting-drawing */ = {
			isa = PBXGroup;
			children = (
				356B1EBE24CE61AA00E19BF9 /* AppDelegate.swift */,
				356B1EC024CE61AA00E19BF9 /* SceneDelegate.swift */,
				356B1EC224CE61AA00E19BF9 /* ViewController.swift */,
				356B1EC424CE61AA00E19BF9 /* Main.storyboard */,
				356B1EC724CE61AA00E19BF9 /* Assets.xcassets */,
				356B1EC924CE61AA00E19BF9 /* LaunchScreen.storyboard */,
				356B1ECC24CE61AA00E19BF9 /* Info.plist */,
			);
			path = "handwriting-drawing";
			sourceTree = "<group>";
		};
/* End PBXGroup section */

/* Begin PBXNativeTarget section */
		356B1EBA24CE61AA00E19BF9 /* handwriting-drawing */ = {
			isa = PBXNativeTarget;
			buildConfigurationList = 356B1ECF24CE61AA00E19BF9 /* Build configuration list for PBXNativeTarget "handwriting-drawing" */;
			buildPhases = (
				356B1EB724CE61AA00E19BF9 /* Sources */,
				356B1EB824CE61AA00E19BF9 /* Frameworks */,
				356B1EB924CE61AA00E19BF9 /* Resources */,
			);
			buildRules = (
			);
			dependencies = (
			);
			name = "handwriting-drawing";
			productName = "handwriting-drawing";
			productReference = 356B1EBB24CE61AA00E19BF9 /* handwriting-drawing.app */;
			productType = "com.apple.product-type.application";
		};
/* End PBXNativeTarget section */

/* Begin PBXProject section */
		356B1EB324CE61AA00E19BF9 /* Project object */ = {
			isa = PBXProject;
			attributes = {
				LastSwiftUpdateCheck = 1160;
				LastUpgradeCheck = 1160;
				ORGANIZATIONNAME = "Leonardo Viana";
				TargetAttributes = {
					356B1EBA24CE61AA00E19BF9 = {
						CreatedOnToolsVersion = 11.6;
					};
				};
			};
			buildConfigurationList = 356B1EB624CE61AA00E19BF9 /* Build configuration list for PBXProject "handwriting-drawing" */;
			compatibilityVersion = "Xcode 9.3";
			developmentRegion = en;
			hasScannedForEncodings = 0;
			knownRegions = (
				en,
				Base,
			);
			mainGroup = 356B1EB224CE61AA00E19BF9;
			productRefGroup = 356B1EBC24CE61AA00E19BF9 /* Products */;
			projectDirPath = "";
			projectRoot = "";
			targets = (
				356B1EBA24CE61AA00E19BF9 /* handwriting-drawing */,
			);
		};
/* End PBXProject section */

/* Begin PBXResourcesBuildPhase section */
		356B1EB924CE61AA00E19BF9 /* Resources */ = {
			isa = PBXResourcesBuildPhase;
			buildActionMask = 2147483647;
			files = (
				356B1ECB24CE61AA00E19BF9 /* LaunchScreen.storyboard in Resources */,
				356B1EC824CE61AA00E19BF9 /* Assets.xcassets in Resources */,
				356B1EC624CE61AA00E19BF9 /* Main.storyboard in Resources */,
			);
			runOnlyForDeploymentPostprocessing = 0;
		};
/* End PBXResourcesBuildPhase section */

/* Begin PBXSourcesBuildPhase section */
		356B1EB724CE61AA00E19BF9 /* Sources */ = {
			isa = PBXSourcesBuildPhase;
			buildActionMask = 2147483647;
			files = (
				356B1EC324CE61AA00E19BF9 /* ViewController.swift in Sources */,
				356B1EBF24CE61AA00E19BF9 /* AppDelegate.swift in Sources */,
				356B1EC124CE61AA00E19BF9 /* SceneDelegate.swift in Sources */,
			);
			runOnlyForDeploymentPostprocessing = 0;
		};
/* End PBXSourcesBuildPhase section */

/* Begin PBXVariantGroup section */
		356B1EC424CE61AA00E19BF9 /* Main.storyboard */ = {
			isa = PBXVariantGroup;
			children = (
				356B1EC524CE61AA00E19BF9 /* Base */,
			);
			name = Main.storyboard;
			sourceTree = "<group>";
		};
		356B1EC924CE61AA00E19BF9 /* LaunchScreen.storyboard */ = {
			isa = PBXVariantGroup;
			children = (
				356B1ECA24CE61AA00E19BF9 /* Base */,
			);
			name = LaunchScreen.storyboard;
			sourceTree = "<group>";
		};
/* End PBXVariantGroup section */

/* Begin XCBuildConfiguration section */
		356B1ECD24CE61AA00E19BF9 /* Debug */ = {
			isa = XCBuildConfiguration;
			buildSettings = {
				ALWAYS_SEARCH_USER_PATHS = NO;
				CLANG_ANALYZER_NONNULL = YES;
				CLANG_ANALYZER_NUMBER_OBJECT_CONVERSION = YES_AGGRESSIVE;
				CLANG_CXX_LANGUAGE_STANDARD = "gnu++14";
				CLANG_CXX_LIBRARY = "libc++";
				CLANG_ENABLE_MODULES = YES;
				CLANG_ENABLE_OBJC_ARC = YES;
				CLANG_ENABLE_OBJC_WEAK = YES;
				CLANG_WARN_BLOCK_CAPTURE_AUTORELEASING = YES;
				CLANG_WARN_BOOL_CONVERSION = YES;
				CLANG_WARN_COMMA = YES;
				CLANG_WARN_CONSTANT_CONVERSION = YES;
				CLANG_WARN_DEPRECATED_OBJC_IMPLEMENTATIONS = YES;
				CLANG_WARN_DIRECT_OBJC_ISA_USAGE = YES_ERROR;
				CLANG_WARN_DOCUMENTATION_COMMENTS = YES;
				CLANG_WARN_EMPTY_BODY = YES;
				CLANG_WARN_ENUM_CONVERSION = YES;
				CLANG_WARN_INFINITE_RECURSION = YES;
				CLANG_WARN_INT_CONVERSION = YES;
				CLANG_WARN_NON_LITERAL_NULL_CONVERSION = YES;
				CLANG_WARN_OBJC_IMPLICIT_RETAIN_SELF = YES;
				CLANG_WARN_OBJC_LITERAL_CONVERSION = YES;
				CLANG_WARN_OBJC_ROOT_CLASS = YES_ERROR;
				CLANG_WARN_RANGE_LOOP_ANALYSIS = YES;
				CLANG_WARN_STRICT_PROTOTYPES = YES;
				CLANG_WARN_SUSPICIOUS_MOVE = YES;
				CLANG_WARN_UNGUARDED_AVAILABILITY = YES_AGGRESSIVE;
				CLANG_WARN_UNREACHABLE_CODE = YES;
				CLANG_WARN__DUPLICATE_METHOD_MATCH = YES;
				COPY_PHASE_STRIP = NO;
				DEBUG_INFORMATION_FORMAT = dwarf;
				ENABLE_STRICT_OBJC_MSGSEND = YES;
				ENABLE_TESTABILITY = YES;
				GCC_C_LANGUAGE_STANDARD = gnu11;
				GCC_DYNAMIC_NO_PIC = NO;
				GCC_NO_COMMON_BLOCKS = YES;
				GCC_OPTIMIZATION_LEVEL = 0;
				GCC_PREPROCESSOR_DEFINITIONS = (
					"DEBUG=1",
					"$(inherited)",
				);
				GCC_WARN_64_TO_32_BIT_CONVERSION = YES;
				GCC_WARN_ABOUT_RETURN_TYPE = YES_ERROR;
				GCC_WARN_UNDECLARED_SELECTOR = YES;
				GCC_WARN_UNINITIALIZED_AUTOS = YES_AGGRESSIVE;
				GCC_WARN_UNUSED_FUNCTION = YES;
				GCC_WARN_UNUSED_VARIABLE = YES;
				IPHONEOS_DEPLOYMENT_TARGET = 13.6;
				MTL_ENABLE_DEBUG_INFO = INCLUDE_SOURCE;
				MTL_FAST_MATH = YES;
				ONLY_ACTIVE_ARCH = YES;
				SDKROOT = iphoneos;
				SWIFT_ACTIVE_COMPILATION_CONDITIONS = DEBUG;
				SWIFT_OPTIMIZATION_LEVEL = "-Onone";
			};
			name = Debug;
		};
		356B1ECE24CE61AA00E19BF9 /* Release */ = {
			isa = XCBuildConfiguration;
			buildSettings = {
				ALWAYS_SEARCH_USER_PATHS = NO;
				CLANG_ANALYZER_NONNULL = YES;
				CLANG_ANALYZER_NUMBER_OBJECT_CONVERSION = YES_AGGRESSIVE;
				CLANG_CXX_LANGUAGE_STANDARD = "gnu++14";
				CLANG_CXX_LIBRARY = "libc++";
				CLANG_ENABLE_MODULES = YES;
				CLANG_ENABLE_OBJC_ARC = YES;
				CLANG_ENABLE_OBJC_WEAK = YES;
				CLANG_WARN_BLOCK_CAPTURE_AUTORELEASING = YES;
				CLANG_WARN_BOOL_CONVERSION = YES;
				CLANG_WARN_COMMA = YES;
				CLANG_WARN_CONSTANT_CONVERSION = YES;
				CLANG_WARN_DEPRECATED_OBJC_IMPLEMENTATIONS = YES;
				CLANG_WARN_DIRECT_OBJC_ISA_USAGE = YES_ERROR;
				CLANG_WARN_DOCUMENTATION_COMMENTS = YES;
				CLANG_WARN_EMPTY_BODY = YES;
				CLANG_WARN_ENUM_CONVERSION = YES;
				CLANG_WARN_INFINITE_RECURSION = YES;
				CLANG_WARN_INT_CONVERSION = YES;
				CLANG_WARN_NON_LITERAL_NULL_CONVERSION = YES;
				CLANG_WARN_OBJC_IMPLICIT_RETAIN_SELF = YES;
				CLANG_WARN_OBJC_LITERAL_CONVERSION = YES;
				CLANG_WARN_OBJC_ROOT_CLASS = YES_ERROR;
				CLANG_WARN_RANGE_LOOP_ANALYSIS = YES;
				CLANG_WARN_STRICT_PROTOTYPES = YES;
				CLANG_WARN_SUSPICIOUS_MOVE = YES;
				CLANG_WARN_UNGUARDED_AVAILABILITY = YES_AGGRESSIVE;
				CLANG_WARN_UNREACHABLE_CODE = YES;
				CLANG_WARN__DUPLICATE_METHOD_MATCH = YES;
				COPY_PHASE_STRIP = NO;
				DEBUG_INFORMATION_FORMAT = "dwarf-with-dsym";
				ENABLE_NS_ASSERTIONS = NO;
				ENABLE_STRICT_OBJC_MSGSEND = YES;
				GCC_C_LANGUAGE_STANDARD = gnu11;
				GCC_NO_COMMON_BLOCKS = YES;
				GCC_WARN_64_TO_32_BIT_CONVERSION = YES;
				GCC_WARN_ABOUT_RETURN_TYPE = YES_ERROR;
				GCC_WARN_UNDECLARED_SELECTOR = YES;
				GCC_WARN_UNINITIALIZED_AUTOS = YES_AGGRESSIVE;
				GCC_WARN_UNUSED_FUNCTION = YES;
				GCC_WARN_UNUSED_VARIABLE = YES;
				IPHONEOS_DEPLOYMENT_TARGET = 13.6;
				MTL_ENABLE_DEBUG_INFO = NO;
				MTL_FAST_MATH = YES;
				SDKROOT = iphoneos;
				SWIFT_COMPILATION_MODE = wholemodule;
				SWIFT_OPTIMIZATION_LEVEL = "-O";
				VALIDATE_PRODUCT = YES;
			};
			name = Release;
		};
		356B1ED024CE61AA00E19BF9 /* Debug */ = {
			isa = XCBuildConfiguration;
			buildSettings = {
				ASSETCATALOG_COMPILER_APPICON_NAME = AppIcon;
				CODE_SIGN_STYLE = Automatic;
				INFOPLIST_FILE = "handwriting-drawing/Info.plist";
				LD_RUNPATH_SEARCH_PATHS = (
					"$(inherited)",
					"@executable_path/Frameworks",
				);
				PRODUCT_BUNDLE_IDENTIFIER = "com.vianaleonardo.handwriting-drawing";
				PRODUCT_NAME = "$(TARGET_NAME)";
				SWIFT_VERSION = 5.0;
				TARGETED_DEVICE_FAMILY = "1,2";
			};
			name = Debug;
		};
		356B1ED124CE61AA00E19BF9 /* Release */ = {
			isa = XCBuildConfiguration;
			buildSettings = {
				ASSETCATALOG_COMPILER_APPICON_NAME = AppIcon;
				CODE_SIGN_STYLE = Automatic;
				INFOPLIST_FILE = "handwriting-drawing/Info.plist";
				LD_RUNPATH_SEARCH_PATHS = (
					"$(inherited)",
					"@executable_path/Frameworks",
				);
				PRODUCT_BUNDLE_IDENTIFIER = "com.vianaleonardo.handwriting-drawing";
				PRODUCT_NAME = "$(TARGET_NAME)";
				SWIFT_VERSION = 5.0;
				TARGETED_DEVICE_FAMILY = "1,2";
			};
			name = Release;
		};
/* End XCBuildConfiguration section */

/* Begin XCConfigurationList section */
		356B1EB624CE61AA00E19BF9 /* Build configuration list for PBXProject "handwriting-drawing" */ = {
			isa = XCConfigurationList;
			buildConfigurations = (
				356B1ECD24CE61AA00E19BF9 /* Debug */,
				356B1ECE24CE61AA00E19BF9 /* Release */,
			);
			defaultConfigurationIsVisible = 0;
			defaultConfigurationName = Release;
		};
		356B1ECF24CE61AA00E19BF9 /* Build configuration list for PBXNativeTarget "handwriting-drawing" */ = {
			isa = XCConfigurationList;
			buildConfigurations = (
				356B1ED024CE61AA00E19BF9 /* Debug */,
				356B1ED124CE61AA00E19BF9 /* Release */,
			);
			defaultConfigurationIsVisible = 0;
			defaultConfigurationName = Release;
		};
/* End XCConfigurationList section */
	};
	rootObject = 356B1EB324CE61AA00E19BF9 /* Project object */;
}
